// !$*UTF8*$!
{
	archiveVersion = 1;
	classes = {
	};
	objectVersion = 50;
	objects = {

/* Begin PBXBuildFile section */
		9F2EFADA288230250021AF61 /* LadderViewController.swift in Sources */ = {isa = PBXBuildFile; fileRef = 9F2EFAD9288230250021AF61 /* LadderViewController.swift */; };
		9F4C46F1286FD6B60080F6E3 /* RunThrowerViewController.swift in Sources */ = {isa = PBXBuildFile; fileRef = 9F4C46F0286FD6B60080F6E3 /* RunThrowerViewController.swift */; };
		9F4FDEA427DA7E75001CEE17 /* AppDelegate.swift in Sources */ = {isa = PBXBuildFile; fileRef = 9F4FDEA327DA7E75001CEE17 /* AppDelegate.swift */; };
		9F4FDEA627DA7E75001CEE17 /* SceneDelegate.swift in Sources */ = {isa = PBXBuildFile; fileRef = 9F4FDEA527DA7E75001CEE17 /* SceneDelegate.swift */; };
		9F4FDEA827DA7E75001CEE17 /* ViewController.swift in Sources */ = {isa = PBXBuildFile; fileRef = 9F4FDEA727DA7E75001CEE17 /* ViewController.swift */; };
		9F4FDEAB27DA7E75001CEE17 /* Main.storyboard in Resources */ = {isa = PBXBuildFile; fileRef = 9F4FDEA927DA7E75001CEE17 /* Main.storyboard */; };
		9F4FDEAE27DA7E75001CEE17 /* PowderThrow.xcdatamodeld in Sources */ = {isa = PBXBuildFile; fileRef = 9F4FDEAC27DA7E75001CEE17 /* PowderThrow.xcdatamodeld */; };
		9F4FDEB027DA7E77001CEE17 /* Assets.xcassets in Resources */ = {isa = PBXBuildFile; fileRef = 9F4FDEAF27DA7E77001CEE17 /* Assets.xcassets */; };
		9F4FDEB327DA7E77001CEE17 /* LaunchScreen.storyboard in Resources */ = {isa = PBXBuildFile; fileRef = 9F4FDEB127DA7E77001CEE17 /* LaunchScreen.storyboard */; };
		9F4FDEBE27DA7E77001CEE17 /* BLEButtonTests.swift in Sources */ = {isa = PBXBuildFile; fileRef = 9F4FDEBD27DA7E77001CEE17 /* BLEButtonTests.swift */; };
		9F4FDEC927DA7E77001CEE17 /* BLEButtonUITests.swift in Sources */ = {isa = PBXBuildFile; fileRef = 9F4FDEC827DA7E77001CEE17 /* BLEButtonUITests.swift */; };
		9F4FDEDB27DA8094001CEE17 /* CBUUIDs.swift in Sources */ = {isa = PBXBuildFile; fileRef = 9F4FDEDA27DA8094001CEE17 /* CBUUIDs.swift */; };
		9F4FDEE627DA8C90001CEE17 /* BlePeripheral.swift in Sources */ = {isa = PBXBuildFile; fileRef = 9F4FDEE527DA8C90001CEE17 /* BlePeripheral.swift */; };
		9FB0BC72285E0BE200E1CCAB /* SettingsViewController.swift in Sources */ = {isa = PBXBuildFile; fileRef = 9FB0BC71285E0BE200E1CCAB /* SettingsViewController.swift */; };
		9FB0BC82285E161800E1CCAB /* PresetsViewController.swift in Sources */ = {isa = PBXBuildFile; fileRef = 9FB0BC81285E161800E1CCAB /* PresetsViewController.swift */; };
		9FB0BC8A285E194000E1CCAB /* PowdersViewController.swift in Sources */ = {isa = PBXBuildFile; fileRef = 9FB0BC89285E194000E1CCAB /* PowdersViewController.swift */; };
		9FED81F9285B6D600016B0BF /* PTData.swift in Sources */ = {isa = PBXBuildFile; fileRef = 9FED81F8285B6D600016B0BF /* PTData.swift */; };
/* End PBXBuildFile section */

/* Begin PBXContainerItemProxy section */
		9F4FDEBA27DA7E77001CEE17 /* PBXContainerItemProxy */ = {
			isa = PBXContainerItemProxy;
			containerPortal = 9F4FDE9827DA7E74001CEE17 /* Project object */;
			proxyType = 1;
			remoteGlobalIDString = 9F4FDE9F27DA7E75001CEE17;
			remoteInfo = BLEButton;
		};
		9F4FDEC527DA7E77001CEE17 /* PBXContainerItemProxy */ = {
			isa = PBXContainerItemProxy;
			containerPortal = 9F4FDE9827DA7E74001CEE17 /* Project object */;
			proxyType = 1;
			remoteGlobalIDString = 9F4FDE9F27DA7E75001CEE17;
			remoteInfo = BLEButton;
		};
/* End PBXContainerItemProxy section */

/* Begin PBXFileReference section */
		9F2EFAD9288230250021AF61 /* LadderViewController.swift */ = {isa = PBXFileReference; lastKnownFileType = sourcecode.swift; path = LadderViewController.swift; sourceTree = "<group>"; };
		9F4C46F0286FD6B60080F6E3 /* RunThrowerViewController.swift */ = {isa = PBXFileReference; lastKnownFileType = sourcecode.swift; path = RunThrowerViewController.swift; sourceTree = "<group>"; };
		9F4FDEA027DA7E75001CEE17 /* PowderThrow.app */ = {isa = PBXFileReference; explicitFileType = wrapper.application; includeInIndex = 0; path = PowderThrow.app; sourceTree = BUILT_PRODUCTS_DIR; };
		9F4FDEA327DA7E75001CEE17 /* AppDelegate.swift */ = {isa = PBXFileReference; lastKnownFileType = sourcecode.swift; path = AppDelegate.swift; sourceTree = "<group>"; };
		9F4FDEA527DA7E75001CEE17 /* SceneDelegate.swift */ = {isa = PBXFileReference; lastKnownFileType = sourcecode.swift; path = SceneDelegate.swift; sourceTree = "<group>"; };
		9F4FDEA727DA7E75001CEE17 /* ViewController.swift */ = {isa = PBXFileReference; lastKnownFileType = sourcecode.swift; path = ViewController.swift; sourceTree = "<group>"; };
		9F4FDEAA27DA7E75001CEE17 /* Base */ = {isa = PBXFileReference; lastKnownFileType = file.storyboard; name = Base; path = Base.lproj/Main.storyboard; sourceTree = "<group>"; };
		9F4FDEAD27DA7E75001CEE17 /* BLEButton.xcdatamodel */ = {isa = PBXFileReference; lastKnownFileType = wrapper.xcdatamodel; path = BLEButton.xcdatamodel; sourceTree = "<group>"; };
		9F4FDEAF27DA7E77001CEE17 /* Assets.xcassets */ = {isa = PBXFileReference; lastKnownFileType = folder.assetcatalog; path = Assets.xcassets; sourceTree = "<group>"; };
		9F4FDEB227DA7E77001CEE17 /* Base */ = {isa = PBXFileReference; lastKnownFileType = file.storyboard; name = Base; path = Base.lproj/LaunchScreen.storyboard; sourceTree = "<group>"; };
		9F4FDEB427DA7E77001CEE17 /* Info.plist */ = {isa = PBXFileReference; lastKnownFileType = text.plist.xml; path = Info.plist; sourceTree = "<group>"; };
		9F4FDEB927DA7E77001CEE17 /* PowderThrowTests.xctest */ = {isa = PBXFileReference; explicitFileType = wrapper.cfbundle; includeInIndex = 0; path = PowderThrowTests.xctest; sourceTree = BUILT_PRODUCTS_DIR; };
		9F4FDEBD27DA7E77001CEE17 /* BLEButtonTests.swift */ = {isa = PBXFileReference; lastKnownFileType = sourcecode.swift; path = BLEButtonTests.swift; sourceTree = "<group>"; };
		9F4FDEBF27DA7E77001CEE17 /* Info.plist */ = {isa = PBXFileReference; lastKnownFileType = text.plist.xml; path = Info.plist; sourceTree = "<group>"; };
		9F4FDEC427DA7E77001CEE17 /* PowderThrowUITests.xctest */ = {isa = PBXFileReference; explicitFileType = wrapper.cfbundle; includeInIndex = 0; path = PowderThrowUITests.xctest; sourceTree = BUILT_PRODUCTS_DIR; };
		9F4FDEC827DA7E77001CEE17 /* BLEButtonUITests.swift */ = {isa = PBXFileReference; lastKnownFileType = sourcecode.swift; path = BLEButtonUITests.swift; sourceTree = "<group>"; };
		9F4FDECA27DA7E77001CEE17 /* Info.plist */ = {isa = PBXFileReference; lastKnownFileType = text.plist.xml; path = Info.plist; sourceTree = "<group>"; };
		9F4FDEDA27DA8094001CEE17 /* CBUUIDs.swift */ = {isa = PBXFileReference; lastKnownFileType = sourcecode.swift; path = CBUUIDs.swift; sourceTree = "<group>"; };
		9F4FDEE527DA8C90001CEE17 /* BlePeripheral.swift */ = {isa = PBXFileReference; fileEncoding = 4; lastKnownFileType = sourcecode.swift; path = BlePeripheral.swift; sourceTree = "<group>"; };
		9FB0BC71285E0BE200E1CCAB /* SettingsViewController.swift */ = {isa = PBXFileReference; lastKnownFileType = sourcecode.swift; path = SettingsViewController.swift; sourceTree = "<group>"; };
		9FB0BC81285E161800E1CCAB /* PresetsViewController.swift */ = {isa = PBXFileReference; lastKnownFileType = sourcecode.swift; path = PresetsViewController.swift; sourceTree = "<group>"; };
		9FB0BC89285E194000E1CCAB /* PowdersViewController.swift */ = {isa = PBXFileReference; lastKnownFileType = sourcecode.swift; path = PowdersViewController.swift; sourceTree = "<group>"; };
		9FED81F8285B6D600016B0BF /* PTData.swift */ = {isa = PBXFileReference; lastKnownFileType = sourcecode.swift; path = PTData.swift; sourceTree = "<group>"; };
/* End PBXFileReference section */

/* Begin PBXFrameworksBuildPhase section */
		9F4FDE9D27DA7E75001CEE17 /* Frameworks */ = {
			isa = PBXFrameworksBuildPhase;
			buildActionMask = 2147483647;
			files = (
			);
			runOnlyForDeploymentPostprocessing = 0;
		};
		9F4FDEB627DA7E77001CEE17 /* Frameworks */ = {
			isa = PBXFrameworksBuildPhase;
			buildActionMask = 2147483647;
			files = (
			);
			runOnlyForDeploymentPostprocessing = 0;
		};
		9F4FDEC127DA7E77001CEE17 /* Frameworks */ = {
			isa = PBXFrameworksBuildPhase;
			buildActionMask = 2147483647;
			files = (
			);
			runOnlyForDeploymentPostprocessing = 0;
		};
/* End PBXFrameworksBuildPhase section */

/* Begin PBXGroup section */
		9F4FDE9727DA7E74001CEE17 = {
			isa = PBXGroup;
			children = (
				9F4FDED927DA8068001CEE17 /* Model */,
				9F4FDEA227DA7E75001CEE17 /* PowderThrow */,
				9F4FDEBC27DA7E77001CEE17 /* PowderThrowTests */,
				9F4FDEC727DA7E77001CEE17 /* PowderThrowUITests */,
				9F4FDEA127DA7E75001CEE17 /* Products */,
			);
			sourceTree = "<group>";
		};
		9F4FDEA127DA7E75001CEE17 /* Products */ = {
			isa = PBXGroup;
			children = (
				9F4FDEA027DA7E75001CEE17 /* PowderThrow.app */,
				9F4FDEB927DA7E77001CEE17 /* PowderThrowTests.xctest */,
				9F4FDEC427DA7E77001CEE17 /* PowderThrowUITests.xctest */,
			);
			name = Products;
			sourceTree = "<group>";
		};
		9F4FDEA227DA7E75001CEE17 /* PowderThrow */ = {
			isa = PBXGroup;
			children = (
				9F4FDEA327DA7E75001CEE17 /* AppDelegate.swift */,
				9F4FDEA527DA7E75001CEE17 /* SceneDelegate.swift */,
				9FB0BC71285E0BE200E1CCAB /* SettingsViewController.swift */,
				9FB0BC81285E161800E1CCAB /* PresetsViewController.swift */,
				9FB0BC89285E194000E1CCAB /* PowdersViewController.swift */,
				9F4C46F0286FD6B60080F6E3 /* RunThrowerViewController.swift */,
				9F2EFAD9288230250021AF61 /* LadderViewController.swift */,
				9F4FDEA727DA7E75001CEE17 /* ViewController.swift */,
				9F4FDEA927DA7E75001CEE17 /* Main.storyboard */,
				9F4FDEAF27DA7E77001CEE17 /* Assets.xcassets */,
				9F4FDEB127DA7E77001CEE17 /* LaunchScreen.storyboard */,
				9F4FDEB427DA7E77001CEE17 /* Info.plist */,
				9F4FDEAC27DA7E75001CEE17 /* PowderThrow.xcdatamodeld */,
			);
			path = PowderThrow;
			sourceTree = "<group>";
		};
		9F4FDEBC27DA7E77001CEE17 /* PowderThrowTests */ = {
			isa = PBXGroup;
			children = (
				9F4FDEBD27DA7E77001CEE17 /* BLEButtonTests.swift */,
				9F4FDEBF27DA7E77001CEE17 /* Info.plist */,
			);
			path = PowderThrowTests;
			sourceTree = "<group>";
		};
		9F4FDEC727DA7E77001CEE17 /* PowderThrowUITests */ = {
			isa = PBXGroup;
			children = (
				9F4FDEC827DA7E77001CEE17 /* BLEButtonUITests.swift */,
				9F4FDECA27DA7E77001CEE17 /* Info.plist */,
			);
			path = PowderThrowUITests;
			sourceTree = "<group>";
		};
		9F4FDED927DA8068001CEE17 /* Model */ = {
			isa = PBXGroup;
			children = (
				9F4FDEE527DA8C90001CEE17 /* BlePeripheral.swift */,
				9F4FDEDA27DA8094001CEE17 /* CBUUIDs.swift */,
				9FED81F8285B6D600016B0BF /* PTData.swift */,
			);
			path = Model;
			sourceTree = "<group>";
		};
/* End PBXGroup section */

/* Begin PBXNativeTarget section */
		9F4FDE9F27DA7E75001CEE17 /* PowderThrow */ = {
			isa = PBXNativeTarget;
			buildConfigurationList = 9F4FDECD27DA7E77001CEE17 /* Build configuration list for PBXNativeTarget "PowderThrow" */;
			buildPhases = (
				9F4FDE9C27DA7E75001CEE17 /* Sources */,
				9F4FDE9D27DA7E75001CEE17 /* Frameworks */,
				9F4FDE9E27DA7E75001CEE17 /* Resources */,
			);
			buildRules = (
			);
			dependencies = (
			);
			name = PowderThrow;
			productName = BLEButton;
			productReference = 9F4FDEA027DA7E75001CEE17 /* PowderThrow.app */;
			productType = "com.apple.product-type.application";
		};
		9F4FDEB827DA7E77001CEE17 /* PowderThrowTests */ = {
			isa = PBXNativeTarget;
			buildConfigurationList = 9F4FDED027DA7E77001CEE17 /* Build configuration list for PBXNativeTarget "PowderThrowTests" */;
			buildPhases = (
				9F4FDEB527DA7E77001CEE17 /* Sources */,
				9F4FDEB627DA7E77001CEE17 /* Frameworks */,
				9F4FDEB727DA7E77001CEE17 /* Resources */,
			);
			buildRules = (
			);
			dependencies = (
				9F4FDEBB27DA7E77001CEE17 /* PBXTargetDependency */,
			);
			name = PowderThrowTests;
			productName = BLEButtonTests;
			productReference = 9F4FDEB927DA7E77001CEE17 /* PowderThrowTests.xctest */;
			productType = "com.apple.product-type.bundle.unit-test";
		};
		9F4FDEC327DA7E77001CEE17 /* PowderThrowUITests */ = {
			isa = PBXNativeTarget;
			buildConfigurationList = 9F4FDED327DA7E77001CEE17 /* Build configuration list for PBXNativeTarget "PowderThrowUITests" */;
			buildPhases = (
				9F4FDEC027DA7E77001CEE17 /* Sources */,
				9F4FDEC127DA7E77001CEE17 /* Frameworks */,
				9F4FDEC227DA7E77001CEE17 /* Resources */,
			);
			buildRules = (
			);
			dependencies = (
				9F4FDEC627DA7E77001CEE17 /* PBXTargetDependency */,
			);
			name = PowderThrowUITests;
			productName = BLEButtonUITests;
			productReference = 9F4FDEC427DA7E77001CEE17 /* PowderThrowUITests.xctest */;
			productType = "com.apple.product-type.bundle.ui-testing";
		};
/* End PBXNativeTarget section */

/* Begin PBXProject section */
		9F4FDE9827DA7E74001CEE17 /* Project object */ = {
			isa = PBXProject;
			attributes = {
				LastSwiftUpdateCheck = 1240;
				LastUpgradeCheck = 1240;
				TargetAttributes = {
					9F4FDE9F27DA7E75001CEE17 = {
						CreatedOnToolsVersion = 12.4;
					};
					9F4FDEB827DA7E77001CEE17 = {
						CreatedOnToolsVersion = 12.4;
						TestTargetID = 9F4FDE9F27DA7E75001CEE17;
					};
					9F4FDEC327DA7E77001CEE17 = {
						CreatedOnToolsVersion = 12.4;
						TestTargetID = 9F4FDE9F27DA7E75001CEE17;
					};
				};
			};
			buildConfigurationList = 9F4FDE9B27DA7E74001CEE17 /* Build configuration list for PBXProject "PowderThrow" */;
			compatibilityVersion = "Xcode 9.3";
			developmentRegion = en;
			hasScannedForEncodings = 0;
			knownRegions = (
				en,
				Base,
			);
			mainGroup = 9F4FDE9727DA7E74001CEE17;
			productRefGroup = 9F4FDEA127DA7E75001CEE17 /* Products */;
			projectDirPath = "";
			projectRoot = "";
			targets = (
				9F4FDE9F27DA7E75001CEE17 /* PowderThrow */,
				9F4FDEB827DA7E77001CEE17 /* PowderThrowTests */,
				9F4FDEC327DA7E77001CEE17 /* PowderThrowUITests */,
			);
		};
/* End PBXProject section */

/* Begin PBXResourcesBuildPhase section */
		9F4FDE9E27DA7E75001CEE17 /* Resources */ = {
			isa = PBXResourcesBuildPhase;
			buildActionMask = 2147483647;
			files = (
				9F4FDEB327DA7E77001CEE17 /* LaunchScreen.storyboard in Resources */,
				9F4FDEB027DA7E77001CEE17 /* Assets.xcassets in Resources */,
				9F4FDEAB27DA7E75001CEE17 /* Main.storyboard in Resources */,
			);
			runOnlyForDeploymentPostprocessing = 0;
		};
		9F4FDEB727DA7E77001CEE17 /* Resources */ = {
			isa = PBXResourcesBuildPhase;
			buildActionMask = 2147483647;
			files = (
			);
			runOnlyForDeploymentPostprocessing = 0;
		};
		9F4FDEC227DA7E77001CEE17 /* Resources */ = {
			isa = PBXResourcesBuildPhase;
			buildActionMask = 2147483647;
			files = (
			);
			runOnlyForDeploymentPostprocessing = 0;
		};
/* End PBXResourcesBuildPhase section */

/* Begin PBXSourcesBuildPhase section */
		9F4FDE9C27DA7E75001CEE17 /* Sources */ = {
			isa = PBXSourcesBuildPhase;
			buildActionMask = 2147483647;
			files = (
				9F4FDEA827DA7E75001CEE17 /* ViewController.swift in Sources */,
				9F4FDEE627DA8C90001CEE17 /* BlePeripheral.swift in Sources */,
				9FED81F9285B6D600016B0BF /* PTData.swift in Sources */,
				9FB0BC8A285E194000E1CCAB /* PowdersViewController.swift in Sources */,
				9F4FDEAE27DA7E75001CEE17 /* PowderThrow.xcdatamodeld in Sources */,
				9F4FDEDB27DA8094001CEE17 /* CBUUIDs.swift in Sources */,
				9F4FDEA427DA7E75001CEE17 /* AppDelegate.swift in Sources */,
				9F4C46F1286FD6B60080F6E3 /* RunThrowerViewController.swift in Sources */,
				9F2EFADA288230250021AF61 /* LadderViewController.swift in Sources */,
				9F4FDEA627DA7E75001CEE17 /* SceneDelegate.swift in Sources */,
				9FB0BC72285E0BE200E1CCAB /* SettingsViewController.swift in Sources */,
				9FB0BC82285E161800E1CCAB /* PresetsViewController.swift in Sources */,
			);
			runOnlyForDeploymentPostprocessing = 0;
		};
		9F4FDEB527DA7E77001CEE17 /* Sources */ = {
			isa = PBXSourcesBuildPhase;
			buildActionMask = 2147483647;
			files = (
				9F4FDEBE27DA7E77001CEE17 /* BLEButtonTests.swift in Sources */,
			);
			runOnlyForDeploymentPostprocessing = 0;
		};
		9F4FDEC027DA7E77001CEE17 /* Sources */ = {
			isa = PBXSourcesBuildPhase;
			buildActionMask = 2147483647;
			files = (
				9F4FDEC927DA7E77001CEE17 /* BLEButtonUITests.swift in Sources */,
			);
			runOnlyForDeploymentPostprocessing = 0;
		};
/* End PBXSourcesBuildPhase section */

/* Begin PBXTargetDependency section */
		9F4FDEBB27DA7E77001CEE17 /* PBXTargetDependency */ = {
			isa = PBXTargetDependency;
			target = 9F4FDE9F27DA7E75001CEE17 /* PowderThrow */;
			targetProxy = 9F4FDEBA27DA7E77001CEE17 /* PBXContainerItemProxy */;
		};
		9F4FDEC627DA7E77001CEE17 /* PBXTargetDependency */ = {
			isa = PBXTargetDependency;
			target = 9F4FDE9F27DA7E75001CEE17 /* PowderThrow */;
			targetProxy = 9F4FDEC527DA7E77001CEE17 /* PBXContainerItemProxy */;
		};
/* End PBXTargetDependency section */

/* Begin PBXVariantGroup section */
		9F4FDEA927DA7E75001CEE17 /* Main.storyboard */ = {
			isa = PBXVariantGroup;
			children = (
				9F4FDEAA27DA7E75001CEE17 /* Base */,
			);
			name = Main.storyboard;
			sourceTree = "<group>";
		};
		9F4FDEB127DA7E77001CEE17 /* LaunchScreen.storyboard */ = {
			isa = PBXVariantGroup;
			children = (
				9F4FDEB227DA7E77001CEE17 /* Base */,
			);
			name = LaunchScreen.storyboard;
			sourceTree = "<group>";
		};
/* End PBXVariantGroup section */

/* Begin XCBuildConfiguration section */
		9F4FDECB27DA7E77001CEE17 /* Debug */ = {
			isa = XCBuildConfiguration;
			buildSettings = {
				ALWAYS_SEARCH_USER_PATHS = NO;
				CLANG_ANALYZER_NONNULL = YES;
				CLANG_ANALYZER_NUMBER_OBJECT_CONVERSION = YES_AGGRESSIVE;
				CLANG_CXX_LANGUAGE_STANDARD = "gnu++14";
				CLANG_CXX_LIBRARY = "libc++";
				CLANG_ENABLE_MODULES = YES;
				CLANG_ENABLE_OBJC_ARC = YES;
				CLANG_ENABLE_OBJC_WEAK = YES;
				CLANG_WARN_BLOCK_CAPTURE_AUTORELEASING = YES;
				CLANG_WARN_BOOL_CONVERSION = YES;
				CLANG_WARN_COMMA = YES;
				CLANG_WARN_CONSTANT_CONVERSION = YES;
				CLANG_WARN_DEPRECATED_OBJC_IMPLEMENTATIONS = YES;
				CLANG_WARN_DIRECT_OBJC_ISA_USAGE = YES_ERROR;
				CLANG_WARN_DOCUMENTATION_COMMENTS = YES;
				CLANG_WARN_EMPTY_BODY = YES;
				CLANG_WARN_ENUM_CONVERSION = YES;
				CLANG_WARN_INFINITE_RECURSION = YES;
				CLANG_WARN_INT_CONVERSION = YES;
				CLANG_WARN_NON_LITERAL_NULL_CONVERSION = YES;
				CLANG_WARN_OBJC_IMPLICIT_RETAIN_SELF = YES;
				CLANG_WARN_OBJC_LITERAL_CONVERSION = YES;
				CLANG_WARN_OBJC_ROOT_CLASS = YES_ERROR;
				CLANG_WARN_QUOTED_INCLUDE_IN_FRAMEWORK_HEADER = YES;
				CLANG_WARN_RANGE_LOOP_ANALYSIS = YES;
				CLANG_WARN_STRICT_PROTOTYPES = YES;
				CLANG_WARN_SUSPICIOUS_MOVE = YES;
				CLANG_WARN_UNGUARDED_AVAILABILITY = YES_AGGRESSIVE;
				CLANG_WARN_UNREACHABLE_CODE = YES;
				CLANG_WARN__DUPLICATE_METHOD_MATCH = YES;
				COPY_PHASE_STRIP = NO;
				DEBUG_INFORMATION_FORMAT = dwarf;
				ENABLE_STRICT_OBJC_MSGSEND = YES;
				ENABLE_TESTABILITY = YES;
				GCC_C_LANGUAGE_STANDARD = gnu11;
				GCC_DYNAMIC_NO_PIC = NO;
				GCC_NO_COMMON_BLOCKS = YES;
				GCC_OPTIMIZATION_LEVEL = 0;
				GCC_PREPROCESSOR_DEFINITIONS = (
					"DEBUG=1",
					"$(inherited)",
				);
				GCC_WARN_64_TO_32_BIT_CONVERSION = YES;
				GCC_WARN_ABOUT_RETURN_TYPE = YES_ERROR;
				GCC_WARN_UNDECLARED_SELECTOR = YES;
				GCC_WARN_UNINITIALIZED_AUTOS = YES_AGGRESSIVE;
				GCC_WARN_UNUSED_FUNCTION = YES;
				GCC_WARN_UNUSED_VARIABLE = YES;
				IPHONEOS_DEPLOYMENT_TARGET = 14.4;
				MTL_ENABLE_DEBUG_INFO = INCLUDE_SOURCE;
				MTL_FAST_MATH = YES;
				ONLY_ACTIVE_ARCH = YES;
				SDKROOT = iphoneos;
				SWIFT_ACTIVE_COMPILATION_CONDITIONS = DEBUG;
				SWIFT_OPTIMIZATION_LEVEL = "-Onone";
			};
			name = Debug;
		};
		9F4FDECC27DA7E77001CEE17 /* Release */ = {
			isa = XCBuildConfiguration;
			buildSettings = {
				ALWAYS_SEARCH_USER_PATHS = NO;
				CLANG_ANALYZER_NONNULL = YES;
				CLANG_ANALYZER_NUMBER_OBJECT_CONVERSION = YES_AGGRESSIVE;
				CLANG_CXX_LANGUAGE_STANDARD = "gnu++14";
				CLANG_CXX_LIBRARY = "libc++";
				CLANG_ENABLE_MODULES = YES;
				CLANG_ENABLE_OBJC_ARC = YES;
				CLANG_ENABLE_OBJC_WEAK = YES;
				CLANG_WARN_BLOCK_CAPTURE_AUTORELEASING = YES;
				CLANG_WARN_BOOL_CONVERSION = YES;
				CLANG_WARN_COMMA = YES;
				CLANG_WARN_CONSTANT_CONVERSION = YES;
				CLANG_WARN_DEPRECATED_OBJC_IMPLEMENTATIONS = YES;
				CLANG_WARN_DIRECT_OBJC_ISA_USAGE = YES_ERROR;
				CLANG_WARN_DOCUMENTATION_COMMENTS = YES;
				CLANG_WARN_EMPTY_BODY = YES;
				CLANG_WARN_ENUM_CONVERSION = YES;
				CLANG_WARN_INFINITE_RECURSION = YES;
				CLANG_WARN_INT_CONVERSION = YES;
				CLANG_WARN_NON_LITERAL_NULL_CONVERSION = YES;
				CLANG_WARN_OBJC_IMPLICIT_RETAIN_SELF = YES;
				CLANG_WARN_OBJC_LITERAL_CONVERSION = YES;
				CLANG_WARN_OBJC_ROOT_CLASS = YES_ERROR;
				CLANG_WARN_QUOTED_INCLUDE_IN_FRAMEWORK_HEADER = YES;
				CLANG_WARN_RANGE_LOOP_ANALYSIS = YES;
				CLANG_WARN_STRICT_PROTOTYPES = YES;
				CLANG_WARN_SUSPICIOUS_MOVE = YES;
				CLANG_WARN_UNGUARDED_AVAILABILITY = YES_AGGRESSIVE;
				CLANG_WARN_UNREACHABLE_CODE = YES;
				CLANG_WARN__DUPLICATE_METHOD_MATCH = YES;
				COPY_PHASE_STRIP = NO;
				DEBUG_INFORMATION_FORMAT = "dwarf-with-dsym";
				ENABLE_NS_ASSERTIONS = NO;
				ENABLE_STRICT_OBJC_MSGSEND = YES;
				GCC_C_LANGUAGE_STANDARD = gnu11;
				GCC_NO_COMMON_BLOCKS = YES;
				GCC_WARN_64_TO_32_BIT_CONVERSION = YES;
				GCC_WARN_ABOUT_RETURN_TYPE = YES_ERROR;
				GCC_WARN_UNDECLARED_SELECTOR = YES;
				GCC_WARN_UNINITIALIZED_AUTOS = YES_AGGRESSIVE;
				GCC_WARN_UNUSED_FUNCTION = YES;
				GCC_WARN_UNUSED_VARIABLE = YES;
				IPHONEOS_DEPLOYMENT_TARGET = 14.4;
				MTL_ENABLE_DEBUG_INFO = NO;
				MTL_FAST_MATH = YES;
				SDKROOT = iphoneos;
				SWIFT_COMPILATION_MODE = wholemodule;
				SWIFT_OPTIMIZATION_LEVEL = "-O";
				VALIDATE_PRODUCT = YES;
			};
			name = Release;
		};
		9F4FDECE27DA7E77001CEE17 /* Debug */ = {
			isa = XCBuildConfiguration;
			buildSettings = {
				ASSETCATALOG_COMPILER_APPICON_NAME = AppIcon;
				ASSETCATALOG_COMPILER_GLOBAL_ACCENT_COLOR_NAME = AccentColor;
				CODE_SIGN_STYLE = Automatic;
				DEVELOPMENT_TEAM = 25WST6F2PU;
				INFOPLIST_FILE = PowderThrow/Info.plist;
				LD_RUNPATH_SEARCH_PATHS = (
					"$(inherited)",
					"@executable_path/Frameworks",
				);
				PRODUCT_BUNDLE_IDENTIFIER = com.example.dveach.PowderThrow;
				PRODUCT_NAME = "$(TARGET_NAME)";
				SWIFT_VERSION = 5.0;
				TARGETED_DEVICE_FAMILY = "1,2";
			};
			name = Debug;
		};
		9F4FDECF27DA7E77001CEE17 /* Release */ = {
			isa = XCBuildConfiguration;
			buildSettings = {
				ASSETCATALOG_COMPILER_APPICON_NAME = AppIcon;
				ASSETCATALOG_COMPILER_GLOBAL_ACCENT_COLOR_NAME = AccentColor;
				CODE_SIGN_STYLE = Automatic;
				DEVELOPMENT_TEAM = 25WST6F2PU;
				INFOPLIST_FILE = PowderThrow/Info.plist;
				LD_RUNPATH_SEARCH_PATHS = (
					"$(inherited)",
					"@executable_path/Frameworks",
				);
				PRODUCT_BUNDLE_IDENTIFIER = com.example.dveach.PowderThrow;
				PRODUCT_NAME = "$(TARGET_NAME)";
				SWIFT_VERSION = 5.0;
				TARGETED_DEVICE_FAMILY = "1,2";
			};
			name = Release;
		};
		9F4FDED127DA7E77001CEE17 /* Debug */ = {
			isa = XCBuildConfiguration;
			buildSettings = {
				ALWAYS_EMBED_SWIFT_STANDARD_LIBRARIES = YES;
				BUNDLE_LOADER = "$(TEST_HOST)";
				CODE_SIGN_STYLE = Automatic;
				DEVELOPMENT_TEAM = 25WST6F2PU;
				INFOPLIST_FILE = PowderThrowTests/Info.plist;
				IPHONEOS_DEPLOYMENT_TARGET = 14.4;
				LD_RUNPATH_SEARCH_PATHS = (
					"$(inherited)",
					"@executable_path/Frameworks",
					"@loader_path/Frameworks",
				);
				PRODUCT_BUNDLE_IDENTIFIER = com.example.dveach.PowderThrowTests;
				PRODUCT_NAME = "$(TARGET_NAME)";
				SWIFT_VERSION = 5.0;
				TARGETED_DEVICE_FAMILY = "1,2";
				TEST_HOST = "$(BUILT_PRODUCTS_DIR)/PowderThrow.app/PowderThrow";
			};
			name = Debug;
		};
		9F4FDED227DA7E77001CEE17 /* Release */ = {
			isa = XCBuildConfiguration;
			buildSettings = {
				ALWAYS_EMBED_SWIFT_STANDARD_LIBRARIES = YES;
				BUNDLE_LOADER = "$(TEST_HOST)";
				CODE_SIGN_STYLE = Automatic;
				DEVELOPMENT_TEAM = 25WST6F2PU;
				INFOPLIST_FILE = PowderThrowTests/Info.plist;
				IPHONEOS_DEPLOYMENT_TARGET = 14.4;
				LD_RUNPATH_SEARCH_PATHS = (
					"$(inherited)",
					"@executable_path/Frameworks",
					"@loader_path/Frameworks",
				);
				PRODUCT_BUNDLE_IDENTIFIER = com.example.dveach.PowderThrowTests;
				PRODUCT_NAME = "$(TARGET_NAME)";
				SWIFT_VERSION = 5.0;
				TARGETED_DEVICE_FAMILY = "1,2";
				TEST_HOST = "$(BUILT_PRODUCTS_DIR)/PowderThrow.app/PowderThrow";
			};
			name = Release;
		};
		9F4FDED427DA7E77001CEE17 /* Debug */ = {
			isa = XCBuildConfiguration;
			buildSettings = {
				ALWAYS_EMBED_SWIFT_STANDARD_LIBRARIES = YES;
				CODE_SIGN_STYLE = Automatic;
				DEVELOPMENT_TEAM = 25WST6F2PU;
				INFOPLIST_FILE = PowderThrowUITests/Info.plist;
				LD_RUNPATH_SEARCH_PATHS = (
					"$(inherited)",
					"@executable_path/Frameworks",
					"@loader_path/Frameworks",
				);
				PRODUCT_BUNDLE_IDENTIFIER = com.example.dveach.PowderThrowUITests;
				PRODUCT_NAME = "$(TARGET_NAME)";
				SWIFT_VERSION = 5.0;
				TARGETED_DEVICE_FAMILY = "1,2";
				TEST_TARGET_NAME = PowderThrow;
			};
			name = Debug;
		};
		9F4FDED527DA7E77001CEE17 /* Release */ = {
			isa = XCBuildConfiguration;
			buildSettings = {
				ALWAYS_EMBED_SWIFT_STANDARD_LIBRARIES = YES;
				CODE_SIGN_STYLE = Automatic;
				DEVELOPMENT_TEAM = 25WST6F2PU;
				INFOPLIST_FILE = PowderThrowUITests/Info.plist;
				LD_RUNPATH_SEARCH_PATHS = (
					"$(inherited)",
					"@executable_path/Frameworks",
					"@loader_path/Frameworks",
				);
				PRODUCT_BUNDLE_IDENTIFIER = com.example.dveach.PowderThrowUITests;
				PRODUCT_NAME = "$(TARGET_NAME)";
				SWIFT_VERSION = 5.0;
				TARGETED_DEVICE_FAMILY = "1,2";
				TEST_TARGET_NAME = PowderThrow;
			};
			name = Release;
		};
/* End XCBuildConfiguration section */

/* Begin XCConfigurationList section */
		9F4FDE9B27DA7E74001CEE17 /* Build configuration list for PBXProject "PowderThrow" */ = {
			isa = XCConfigurationList;
			buildConfigurations = (
				9F4FDECB27DA7E77001CEE17 /* Debug */,
				9F4FDECC27DA7E77001CEE17 /* Release */,
			);
			defaultConfigurationIsVisible = 0;
			defaultConfigurationName = Release;
		};
		9F4FDECD27DA7E77001CEE17 /* Build configuration list for PBXNativeTarget "PowderThrow" */ = {
			isa = XCConfigurationList;
			buildConfigurations = (
				9F4FDECE27DA7E77001CEE17 /* Debug */,
				9F4FDECF27DA7E77001CEE17 /* Release */,
			);
			defaultConfigurationIsVisible = 0;
			defaultConfigurationName = Release;
		};
		9F4FDED027DA7E77001CEE17 /* Build configuration list for PBXNativeTarget "PowderThrowTests" */ = {
			isa = XCConfigurationList;
			buildConfigurations = (
				9F4FDED127DA7E77001CEE17 /* Debug */,
				9F4FDED227DA7E77001CEE17 /* Release */,
			);
			defaultConfigurationIsVisible = 0;
			defaultConfigurationName = Release;
		};
		9F4FDED327DA7E77001CEE17 /* Build configuration list for PBXNativeTarget "PowderThrowUITests" */ = {
			isa = XCConfigurationList;
			buildConfigurations = (
				9F4FDED427DA7E77001CEE17 /* Debug */,
				9F4FDED527DA7E77001CEE17 /* Release */,
			);
			defaultConfigurationIsVisible = 0;
			defaultConfigurationName = Release;
		};
/* End XCConfigurationList section */

/* Begin XCVersionGroup section */
		9F4FDEAC27DA7E75001CEE17 /* PowderThrow.xcdatamodeld */ = {
			isa = XCVersionGroup;
			children = (
				9F4FDEAD27DA7E75001CEE17 /* BLEButton.xcdatamodel */,
			);
			currentVersion = 9F4FDEAD27DA7E75001CEE17 /* BLEButton.xcdatamodel */;
			path = PowderThrow.xcdatamodeld;
			sourceTree = "<group>";
			versionGroupType = wrapper.xcdatamodel;
		};
/* End XCVersionGroup section */
	};
	rootObject = 9F4FDE9827DA7E74001CEE17 /* Project object */;
}
